
Microsoft Visual Studio Solution File, Format Version 12.00
# Visual Studio 15
VisualStudioVersion = 15.0.27130.2036
MinimumVisualStudioVersion = 10.0.40219.1
Project("{9A19103F-16F7-4668-BE54-9A1E7A4F7556}") = "WeatherChecker", "WeatherChecker.csproj", "{4DAC86AE-040C-4398-A568-C4101F5569CB}"
EndProject
Global
	GlobalSection(SolutionConfigurationPlatforms) = preSolution
		Debug|Any CPU = Debug|Any CPU
		Release|Any CPU = Release|Any CPU
	EndGlobalSection
	GlobalSection(ProjectConfigurationPlatforms) = postSolution
		{4DAC86AE-040C-4398-A568-C4101F5569CB}.Debug|Any CPU.ActiveCfg = Debug|Any CPU
		{4DAC86AE-040C-4398-A568-C4101F5569CB}.Debug|Any CPU.Build.0 = Debug|Any CPU
		{4DAC86AE-040C-4398-A568-C4101F5569CB}.Release|Any CPU.ActiveCfg = Release|Any CPU
		{4DAC86AE-040C-4398-A568-C4101F5569CB}.Release|Any CPU.Build.0 = Release|Any CPU
	EndGlobalSection
	GlobalSection(SolutionProperties) = preSolution
		HideSolutionNode = FALSE
	EndGlobalSection
	GlobalSection(ExtensibilityGlobals) = postSolution
		SolutionGuid = {AA14752A-C80A-468B-91BD-B3B43F6F188B}
	EndGlobalSection
EndGlobal
